// !$*UTF8*$!
{
	archiveVersion = 1;
	classes = {
	};
	objectVersion = 55;
	objects = {

/* Begin PBXBuildFile section */
		3B4198F882286B277F8A91E1 /* Then.framework in Frameworks */ = {isa = PBXBuildFile; fileRef = 5E359E9093579B130E0EDD53 /* Then.framework */; };
		91C973D65FBDD1ABF65A1A2A /* Domain.framework in Frameworks */ = {isa = PBXBuildFile; fileRef = F910F30DEBC80ABF5CC5A6F9 /* Domain.framework */; };
		B6F14AC32696F30284073B2F /* Chat.framework in Frameworks */ = {isa = PBXBuildFile; fileRef = EEE28C25EAD3F5DC9E76FFAC /* Chat.framework */; };
		B89B886F288E5BDECC82BA50 /* Common.framework in Frameworks */ = {isa = PBXBuildFile; fileRef = 64BD6CA2A2FDA5A5D9C4A87D /* Common.framework */; };
		E096380D552BAA6326ED8397 /* CommonUI.framework in Frameworks */ = {isa = PBXBuildFile; fileRef = 1CB61D7206C15B58E35E2DEB /* CommonUI.framework */; };
		E5B8FA727C6C42971E818CD4 /* SnapKit.framework in Frameworks */ = {isa = PBXBuildFile; fileRef = BC90A71D97E9F538AACFD586 /* SnapKit.framework */; };
/* End PBXBuildFile section */

/* Begin PBXContainerItemProxy section */
		5BF6AE7617B3706591F1A055 /* PBXContainerItemProxy */ = {
			isa = PBXContainerItemProxy;
			containerPortal = 2A0CADDBA42B443BDC2F3280 /* Project object */;
			proxyType = 1;
			remoteGlobalIDString = 7D146E7308A5F61A6A04A7CD;
			remoteInfo = Chat;
		};
/* End PBXContainerItemProxy section */

/* Begin PBXCopyFilesBuildPhase section */
		98990D6891C60DD8BCF876DA /* Embed Frameworks */ = {
			isa = PBXCopyFilesBuildPhase;
			buildActionMask = 2147483647;
			dstPath = "";
			dstSubfolderSpec = 10;
			files = (
			);
			name = "Embed Frameworks";
			runOnlyForDeploymentPostprocessing = 0;
		};
		FA35B64D2F98D3A591350C52 /* Embed Frameworks */ = {
			isa = PBXCopyFilesBuildPhase;
			buildActionMask = 2147483647;
			dstPath = "";
			dstSubfolderSpec = 10;
			files = (
			);
			name = "Embed Frameworks";
			runOnlyForDeploymentPostprocessing = 0;
		};
/* End PBXCopyFilesBuildPhase section */

/* Begin PBXFileReference section */
		082A769CEB29C2CF1616DE7A /* ChatTests.xctest */ = {isa = PBXFileReference; explicitFileType = wrapper.cfbundle; includeInIndex = 0; path = ChatTests.xctest; sourceTree = BUILT_PRODUCTS_DIR; };
		1C9D9ED19FA740929CF59EFD /* ChatTests-Info.plist */ = {isa = PBXFileReference; lastKnownFileType = text.plist; path = "ChatTests-Info.plist"; sourceTree = "<group>"; };
		1CB61D7206C15B58E35E2DEB /* CommonUI.framework */ = {isa = PBXFileReference; explicitFileType = wrapper.framework; includeInIndex = 0; path = CommonUI.framework; sourceTree = BUILT_PRODUCTS_DIR; };
		5E359E9093579B130E0EDD53 /* Then.framework */ = {isa = PBXFileReference; explicitFileType = wrapper.framework; includeInIndex = 0; path = Then.framework; sourceTree = BUILT_PRODUCTS_DIR; };
		64BD6CA2A2FDA5A5D9C4A87D /* Common.framework */ = {isa = PBXFileReference; explicitFileType = wrapper.framework; includeInIndex = 0; path = Common.framework; sourceTree = BUILT_PRODUCTS_DIR; };
		BC90A71D97E9F538AACFD586 /* SnapKit.framework */ = {isa = PBXFileReference; explicitFileType = wrapper.framework; includeInIndex = 0; path = SnapKit.framework; sourceTree = BUILT_PRODUCTS_DIR; };
		C8A6CF81DAC793585959F31D /* Chat-Info.plist */ = {isa = PBXFileReference; lastKnownFileType = text.plist; path = "Chat-Info.plist"; sourceTree = "<group>"; };
		EEE28C25EAD3F5DC9E76FFAC /* Chat.framework */ = {isa = PBXFileReference; explicitFileType = wrapper.framework; includeInIndex = 0; path = Chat.framework; sourceTree = BUILT_PRODUCTS_DIR; };
		F910F30DEBC80ABF5CC5A6F9 /* Domain.framework */ = {isa = PBXFileReference; explicitFileType = wrapper.framework; includeInIndex = 0; path = Domain.framework; sourceTree = BUILT_PRODUCTS_DIR; };
/* End PBXFileReference section */

/* Begin PBXFrameworksBuildPhase section */
		0F28A4BA12FBAE1F08E22512 /* Frameworks */ = {
			isa = PBXFrameworksBuildPhase;
			buildActionMask = 2147483647;
			files = (
				B89B886F288E5BDECC82BA50 /* Common.framework in Frameworks */,
				E096380D552BAA6326ED8397 /* CommonUI.framework in Frameworks */,
				91C973D65FBDD1ABF65A1A2A /* Domain.framework in Frameworks */,
				E5B8FA727C6C42971E818CD4 /* SnapKit.framework in Frameworks */,
				3B4198F882286B277F8A91E1 /* Then.framework in Frameworks */,
			);
			runOnlyForDeploymentPostprocessing = 0;
		};
		40DA9E438FAF016BB92A6A77 /* Frameworks */ = {
			isa = PBXFrameworksBuildPhase;
			buildActionMask = 2147483647;
			files = (
				B6F14AC32696F30284073B2F /* Chat.framework in Frameworks */,
			);
			runOnlyForDeploymentPostprocessing = 0;
		};
/* End PBXFrameworksBuildPhase section */

/* Begin PBXGroup section */
		316A8A95CADBC4A0B7BD5919 /* InfoPlists */ = {
			isa = PBXGroup;
			children = (
				C8A6CF81DAC793585959F31D /* Chat-Info.plist */,
				1C9D9ED19FA740929CF59EFD /* ChatTests-Info.plist */,
			);
			path = InfoPlists;
			sourceTree = "<group>";
		};
		38A1D918A1E34BC42D2BCD74 /* Products */ = {
			isa = PBXGroup;
			children = (
				EEE28C25EAD3F5DC9E76FFAC /* Chat.framework */,
				082A769CEB29C2CF1616DE7A /* ChatTests.xctest */,
				64BD6CA2A2FDA5A5D9C4A87D /* Common.framework */,
				1CB61D7206C15B58E35E2DEB /* CommonUI.framework */,
				F910F30DEBC80ABF5CC5A6F9 /* Domain.framework */,
				BC90A71D97E9F538AACFD586 /* SnapKit.framework */,
				5E359E9093579B130E0EDD53 /* Then.framework */,
			);
			name = Products;
			sourceTree = "<group>";
		};
		81D6D1222B415D9C67C18BD1 = {
			isa = PBXGroup;
			children = (
				F6E2160C2FB4953F6EA89CA0 /* Project */,
				38A1D918A1E34BC42D2BCD74 /* Products */,
			);
			sourceTree = "<group>";
		};
		98B13A3AC7CB2F8BADF6822C /* Derived */ = {
			isa = PBXGroup;
			children = (
				316A8A95CADBC4A0B7BD5919 /* InfoPlists */,
			);
			path = Derived;
			sourceTree = "<group>";
		};
		F6E2160C2FB4953F6EA89CA0 /* Project */ = {
			isa = PBXGroup;
			children = (
				98B13A3AC7CB2F8BADF6822C /* Derived */,
			);
			name = Project;
			sourceTree = "<group>";
		};
/* End PBXGroup section */

/* Begin PBXNativeTarget section */
		29A5754732A963CB16195C61 /* ChatTests */ = {
			isa = PBXNativeTarget;
			buildConfigurationList = 6346589C59968500F6ED3BAC /* Build configuration list for PBXNativeTarget "ChatTests" */;
			buildPhases = (
				22AC26D21304BF556D146A91 /* Sources */,
				0F84A9387D23F154734313AF /* Resources */,
				40DA9E438FAF016BB92A6A77 /* Frameworks */,
				98990D6891C60DD8BCF876DA /* Embed Frameworks */,
			);
			buildRules = (
			);
			dependencies = (
				9ABD6E2F136DB5428D5D0720 /* PBXTargetDependency */,
			);
			name = ChatTests;
			packageProductDependencies = (
			);
			productName = ChatTests;
			productReference = 082A769CEB29C2CF1616DE7A /* ChatTests.xctest */;
			productType = "com.apple.product-type.bundle.unit-test";
		};
		7D146E7308A5F61A6A04A7CD /* Chat */ = {
			isa = PBXNativeTarget;
			buildConfigurationList = 2F2DE6755960B67844DA10A3 /* Build configuration list for PBXNativeTarget "Chat" */;
			buildPhases = (
				55A71667437A6EE9C2112C1B /* Sources */,
				355B316A878A93CD3884DB68 /* Resources */,
				0F28A4BA12FBAE1F08E22512 /* Frameworks */,
				FA35B64D2F98D3A591350C52 /* Embed Frameworks */,
			);
			buildRules = (
			);
			dependencies = (
			);
			name = Chat;
			packageProductDependencies = (
			);
			productName = Chat;
			productReference = EEE28C25EAD3F5DC9E76FFAC /* Chat.framework */;
			productType = "com.apple.product-type.framework";
		};
/* End PBXNativeTarget section */

/* Begin PBXProject section */
		2A0CADDBA42B443BDC2F3280 /* Project object */ = {
			isa = PBXProject;
			attributes = {
				BuildIndependentTargetsInParallel = YES;
				TargetAttributes = {
				};
			};
			buildConfigurationList = 5BF2D8A0F20A5563CE9A6AEB /* Build configuration list for PBXProject "Chat" */;
			compatibilityVersion = "Xcode 14.0";
			developmentRegion = en;
			hasScannedForEncodings = 0;
			knownRegions = (
				Base,
				en,
			);
			mainGroup = 81D6D1222B415D9C67C18BD1;
			productRefGroup = 38A1D918A1E34BC42D2BCD74 /* Products */;
			projectDirPath = "";
			projectRoot = "";
			targets = (
				7D146E7308A5F61A6A04A7CD /* Chat */,
				29A5754732A963CB16195C61 /* ChatTests */,
			);
		};
/* End PBXProject section */

/* Begin PBXResourcesBuildPhase section */
		0F84A9387D23F154734313AF /* Resources */ = {
			isa = PBXResourcesBuildPhase;
			buildActionMask = 2147483647;
			files = (
			);
			runOnlyForDeploymentPostprocessing = 0;
		};
		355B316A878A93CD3884DB68 /* Resources */ = {
			isa = PBXResourcesBuildPhase;
			buildActionMask = 2147483647;
			files = (
			);
			runOnlyForDeploymentPostprocessing = 0;
		};
/* End PBXResourcesBuildPhase section */

/* Begin PBXSourcesBuildPhase section */
		22AC26D21304BF556D146A91 /* Sources */ = {
			isa = PBXSourcesBuildPhase;
			buildActionMask = 2147483647;
			files = (
			);
			runOnlyForDeploymentPostprocessing = 0;
		};
		55A71667437A6EE9C2112C1B /* Sources */ = {
			isa = PBXSourcesBuildPhase;
			buildActionMask = 2147483647;
			files = (
			);
			runOnlyForDeploymentPostprocessing = 0;
		};
/* End PBXSourcesBuildPhase section */

/* Begin PBXTargetDependency section */
		9ABD6E2F136DB5428D5D0720 /* PBXTargetDependency */ = {
			isa = PBXTargetDependency;
			name = Chat;
			target = 7D146E7308A5F61A6A04A7CD /* Chat */;
			targetProxy = 5BF6AE7617B3706591F1A055 /* PBXContainerItemProxy */;
		};
/* End PBXTargetDependency section */

/* Begin XCBuildConfiguration section */
		24AA7E1B8D54117CDAD4BC53 /* Debug */ = {
			isa = XCBuildConfiguration;
			buildSettings = {
				CODE_SIGN_IDENTITY = "iPhone Developer";
				HEADER_SEARCH_PATHS = (
					"$(inherited)",
					"$(SRCROOT)/../../Tuist/.build/checkouts/FlexLayout/Sources/Swift",
					"$(SRCROOT)/../../Tuist/.build/checkouts/FlexLayout/Sources/Swift/include/yoga",
					"$(SRCROOT)/../../Tuist/.build/checkouts/FlexLayout/Sources/YogaKit",
					"$(SRCROOT)/../../Tuist/.build/checkouts/FlexLayout/Sources/YogaKit/include",
					"$(SRCROOT)/../../Tuist/.build/checkouts/FlexLayout/Sources/YogaKit/include/YogaKit",
					"$(SRCROOT)/../../Tuist/.build/checkouts/FlexLayout/Sources/yoga",
					"$(SRCROOT)/../../Tuist/.build/checkouts/FlexLayout/Sources/yoga/include",
					"$(SRCROOT)/../../Tuist/.build/checkouts/FlexLayout/Sources/yoga/include/yoga",
				);
				INFOPLIST_FILE = "Derived/InfoPlists/ChatTests-Info.plist";
				LD_RUNPATH_SEARCH_PATHS = (
					"$(inherited)",
					"@executable_path/Frameworks",
					"@loader_path/Frameworks",
				);
				OTHER_CFLAGS = (
					"$(inherited)",
					"-fmodule-map-file=$(SRCROOT)/../../Tuist/.build/tuist-derived/FlexLayoutYoga/FlexLayoutYoga.modulemap",
					"-fmodule-map-file=$(SRCROOT)/../../Tuist/.build/tuist-derived/FlexLayoutYogaKit/FlexLayoutYogaKit.modulemap",
				);
				OTHER_SWIFT_FLAGS = (
					"$(inherited)",
					"-Xcc",
					"-fmodule-map-file=$(SRCROOT)/../../Tuist/.build/tuist-derived/FlexLayoutYoga/FlexLayoutYoga.modulemap",
					"-Xcc",
					"-fmodule-map-file=$(SRCROOT)/../../Tuist/.build/tuist-derived/FlexLayoutYogaKit/FlexLayoutYogaKit.modulemap",
				);
				PRODUCT_BUNDLE_IDENTIFIER = io.tuist.ChatTests;
				PRODUCT_NAME = ChatTests;
				SDKROOT = iphoneos;
				SUPPORTS_MACCATALYST = NO;
				SUPPORTS_MAC_DESIGNED_FOR_IPHONE_IPAD = YES;
				SUPPORTS_XR_DESIGNED_FOR_IPHONE_IPAD = NO;
				SWIFT_ACTIVE_COMPILATION_CONDITIONS = (
					"$(inherited)",
					DEBUG,
				);
				SWIFT_COMPILATION_MODE = singlefile;
				SWIFT_OPTIMIZATION_LEVEL = "-Onone";
				SWIFT_VERSION = 5.0;
				TARGETED_DEVICE_FAMILY = "1,2";
			};
			name = Debug;
		};
		4D4C53C9C4E6E9F1DCD244E0 /* Release */ = {
			isa = XCBuildConfiguration;
			buildSettings = {
				ALWAYS_SEARCH_USER_PATHS = NO;
				CLANG_ANALYZER_LOCALIZABILITY_NONLOCALIZED = YES;
				CLANG_ANALYZER_NONNULL = YES;
				CLANG_ANALYZER_NUMBER_OBJECT_CONVERSION = YES_AGGRESSIVE;
				CLANG_CXX_LANGUAGE_STANDARD = "gnu++14";
				CLANG_CXX_LIBRARY = "libc++";
				CLANG_ENABLE_MODULES = YES;
				CLANG_ENABLE_OBJC_ARC = YES;
				CLANG_ENABLE_OBJC_WEAK = YES;
				CLANG_WARN_BLOCK_CAPTURE_AUTORELEASING = YES;
				CLANG_WARN_BOOL_CONVERSION = YES;
				CLANG_WARN_COMMA = YES;
				CLANG_WARN_CONSTANT_CONVERSION = YES;
				CLANG_WARN_DEPRECATED_OBJC_IMPLEMENTATIONS = YES;
				CLANG_WARN_DIRECT_OBJC_ISA_USAGE = YES_ERROR;
				CLANG_WARN_DOCUMENTATION_COMMENTS = YES;
				CLANG_WARN_EMPTY_BODY = YES;
				CLANG_WARN_ENUM_CONVERSION = YES;
				CLANG_WARN_INFINITE_RECURSION = YES;
				CLANG_WARN_INT_CONVERSION = YES;
				CLANG_WARN_NON_LITERAL_NULL_CONVERSION = YES;
				CLANG_WARN_OBJC_IMPLICIT_RETAIN_SELF = YES;
				CLANG_WARN_OBJC_LITERAL_CONVERSION = YES;
				CLANG_WARN_OBJC_ROOT_CLASS = YES_ERROR;
				CLANG_WARN_QUOTED_INCLUDE_IN_FRAMEWORK_HEADER = YES;
				CLANG_WARN_RANGE_LOOP_ANALYSIS = YES;
				CLANG_WARN_STRICT_PROTOTYPES = YES;
				CLANG_WARN_SUSPICIOUS_MOVE = YES;
				CLANG_WARN_UNGUARDED_AVAILABILITY = YES_AGGRESSIVE;
				CLANG_WARN_UNREACHABLE_CODE = YES;
				CLANG_WARN__DUPLICATE_METHOD_MATCH = YES;
				COPY_PHASE_STRIP = NO;
				DEAD_CODE_STRIPPING = YES;
				DEBUG_INFORMATION_FORMAT = "dwarf-with-dsym";
				ENABLE_NS_ASSERTIONS = NO;
				ENABLE_STRICT_OBJC_MSGSEND = YES;
				GCC_C_LANGUAGE_STANDARD = gnu11;
				GCC_NO_COMMON_BLOCKS = YES;
				GCC_WARN_64_TO_32_BIT_CONVERSION = YES;
				GCC_WARN_ABOUT_RETURN_TYPE = YES_ERROR;
				GCC_WARN_UNDECLARED_SELECTOR = YES;
				GCC_WARN_UNINITIALIZED_AUTOS = YES_AGGRESSIVE;
				GCC_WARN_UNUSED_FUNCTION = YES;
				GCC_WARN_UNUSED_VARIABLE = YES;
				MTL_ENABLE_DEBUG_INFO = NO;
				PRODUCT_NAME = "$(TARGET_NAME)";
				VALIDATE_PRODUCT = YES;
			};
			name = Release;
		};
		79B3DFA0D45BADE3CAF8E26E /* Release */ = {
			isa = XCBuildConfiguration;
			buildSettings = {
				CODE_SIGN_IDENTITY = "";
				CURRENT_PROJECT_VERSION = 1;
				DEFINES_MODULE = YES;
				DYLIB_COMPATIBILITY_VERSION = 1;
				DYLIB_CURRENT_VERSION = 1;
				DYLIB_INSTALL_NAME_BASE = "@rpath";
				HEADER_SEARCH_PATHS = (
					"$(inherited)",
					"$(SRCROOT)/../../Tuist/.build/checkouts/FlexLayout/Sources/Swift",
					"$(SRCROOT)/../../Tuist/.build/checkouts/FlexLayout/Sources/Swift/include/yoga",
					"$(SRCROOT)/../../Tuist/.build/checkouts/FlexLayout/Sources/YogaKit",
					"$(SRCROOT)/../../Tuist/.build/checkouts/FlexLayout/Sources/YogaKit/include",
					"$(SRCROOT)/../../Tuist/.build/checkouts/FlexLayout/Sources/YogaKit/include/YogaKit",
					"$(SRCROOT)/../../Tuist/.build/checkouts/FlexLayout/Sources/yoga",
					"$(SRCROOT)/../../Tuist/.build/checkouts/FlexLayout/Sources/yoga/include",
					"$(SRCROOT)/../../Tuist/.build/checkouts/FlexLayout/Sources/yoga/include/yoga",
				);
				INFOPLIST_FILE = "Derived/InfoPlists/Chat-Info.plist";
				INSTALL_PATH = "$(LOCAL_LIBRARY_DIR)/Frameworks";
				LD_RUNPATH_SEARCH_PATHS = (
					"$(inherited)",
					"@executable_path/Frameworks",
					"@loader_path/Frameworks",
				);
				OTHER_CFLAGS = (
					"$(inherited)",
					"-fmodule-map-file=$(SRCROOT)/../../Tuist/.build/tuist-derived/FlexLayoutYoga/FlexLayoutYoga.modulemap",
					"-fmodule-map-file=$(SRCROOT)/../../Tuist/.build/tuist-derived/FlexLayoutYogaKit/FlexLayoutYogaKit.modulemap",
				);
				OTHER_SWIFT_FLAGS = (
					"$(inherited)",
					"-Xcc",
					"-fmodule-map-file=$(SRCROOT)/../../Tuist/.build/tuist-derived/FlexLayoutYoga/FlexLayoutYoga.modulemap",
					"-Xcc",
					"-fmodule-map-file=$(SRCROOT)/../../Tuist/.build/tuist-derived/FlexLayoutYogaKit/FlexLayoutYogaKit.modulemap",
				);
				PRODUCT_BUNDLE_IDENTIFIER = io.tuist.Chat;
				PRODUCT_NAME = Chat;
				SDKROOT = iphoneos;
				SKIP_INSTALL = YES;
				SUPPORTS_MACCATALYST = NO;
				SUPPORTS_MAC_DESIGNED_FOR_IPHONE_IPAD = YES;
				SUPPORTS_XR_DESIGNED_FOR_IPHONE_IPAD = NO;
				SWIFT_COMPILATION_MODE = wholemodule;
				SWIFT_OPTIMIZATION_LEVEL = "-Owholemodule";
				SWIFT_VERSION = 5.0;
				TARGETED_DEVICE_FAMILY = "1,2";
				VERSIONING_SYSTEM = "apple-generic";
				VERSION_INFO_PREFIX = "";
			};
			name = Release;
		};
		AE4CBB7D30CD593895628113 /* Debug */ = {
			isa = XCBuildConfiguration;
			buildSettings = {
				ALWAYS_SEARCH_USER_PATHS = NO;
				CLANG_ANALYZER_LOCALIZABILITY_NONLOCALIZED = YES;
				CLANG_ANALYZER_NONNULL = YES;
				CLANG_ANALYZER_NUMBER_OBJECT_CONVERSION = YES_AGGRESSIVE;
				CLANG_CXX_LANGUAGE_STANDARD = "gnu++14";
				CLANG_CXX_LIBRARY = "libc++";
				CLANG_ENABLE_MODULES = YES;
				CLANG_ENABLE_OBJC_ARC = YES;
				CLANG_ENABLE_OBJC_WEAK = YES;
				CLANG_WARN_BLOCK_CAPTURE_AUTORELEASING = YES;
				CLANG_WARN_BOOL_CONVERSION = YES;
				CLANG_WARN_COMMA = YES;
				CLANG_WARN_CONSTANT_CONVERSION = YES;
				CLANG_WARN_DEPRECATED_OBJC_IMPLEMENTATIONS = YES;
				CLANG_WARN_DIRECT_OBJC_ISA_USAGE = YES_ERROR;
				CLANG_WARN_DOCUMENTATION_COMMENTS = YES;
				CLANG_WARN_EMPTY_BODY = YES;
				CLANG_WARN_ENUM_CONVERSION = YES;
				CLANG_WARN_INFINITE_RECURSION = YES;
				CLANG_WARN_INT_CONVERSION = YES;
				CLANG_WARN_NON_LITERAL_NULL_CONVERSION = YES;
				CLANG_WARN_OBJC_IMPLICIT_RETAIN_SELF = YES;
				CLANG_WARN_OBJC_LITERAL_CONVERSION = YES;
				CLANG_WARN_OBJC_ROOT_CLASS = YES_ERROR;
				CLANG_WARN_QUOTED_INCLUDE_IN_FRAMEWORK_HEADER = YES;
				CLANG_WARN_RANGE_LOOP_ANALYSIS = YES;
				CLANG_WARN_STRICT_PROTOTYPES = YES;
				CLANG_WARN_SUSPICIOUS_MOVE = YES;
				CLANG_WARN_UNGUARDED_AVAILABILITY = YES_AGGRESSIVE;
				CLANG_WARN_UNREACHABLE_CODE = YES;
				CLANG_WARN__DUPLICATE_METHOD_MATCH = YES;
				COPY_PHASE_STRIP = NO;
				DEAD_CODE_STRIPPING = YES;
				DEBUG_INFORMATION_FORMAT = dwarf;
				ENABLE_STRICT_OBJC_MSGSEND = YES;
				ENABLE_TESTABILITY = YES;
				GCC_C_LANGUAGE_STANDARD = gnu11;
				GCC_DYNAMIC_NO_PIC = NO;
				GCC_NO_COMMON_BLOCKS = YES;
				GCC_OPTIMIZATION_LEVEL = 0;
				GCC_PREPROCESSOR_DEFINITIONS = (
					"DEBUG=1",
					"$(inherited)",
				);
				GCC_WARN_64_TO_32_BIT_CONVERSION = YES;
				GCC_WARN_ABOUT_RETURN_TYPE = YES_ERROR;
				GCC_WARN_UNDECLARED_SELECTOR = YES;
				GCC_WARN_UNINITIALIZED_AUTOS = YES_AGGRESSIVE;
				GCC_WARN_UNUSED_FUNCTION = YES;
				GCC_WARN_UNUSED_VARIABLE = YES;
				MTL_ENABLE_DEBUG_INFO = YES;
				ONLY_ACTIVE_ARCH = YES;
				PRODUCT_NAME = "$(TARGET_NAME)";
			};
			name = Debug;
		};
		D1C2082A4B0A82277162E2B9 /* Release */ = {
			isa = XCBuildConfiguration;
			buildSettings = {
				CODE_SIGN_IDENTITY = "iPhone Developer";
				HEADER_SEARCH_PATHS = (
					"$(inherited)",
					"$(SRCROOT)/../../Tuist/.build/checkouts/FlexLayout/Sources/Swift",
					"$(SRCROOT)/../../Tuist/.build/checkouts/FlexLayout/Sources/Swift/include/yoga",
					"$(SRCROOT)/../../Tuist/.build/checkouts/FlexLayout/Sources/YogaKit",
					"$(SRCROOT)/../../Tuist/.build/checkouts/FlexLayout/Sources/YogaKit/include",
					"$(SRCROOT)/../../Tuist/.build/checkouts/FlexLayout/Sources/YogaKit/include/YogaKit",
					"$(SRCROOT)/../../Tuist/.build/checkouts/FlexLayout/Sources/yoga",
					"$(SRCROOT)/../../Tuist/.build/checkouts/FlexLayout/Sources/yoga/include",
					"$(SRCROOT)/../../Tuist/.build/checkouts/FlexLayout/Sources/yoga/include/yoga",
				);
				INFOPLIST_FILE = "Derived/InfoPlists/ChatTests-Info.plist";
				LD_RUNPATH_SEARCH_PATHS = (
					"$(inherited)",
					"@executable_path/Frameworks",
					"@loader_path/Frameworks",
				);
				OTHER_CFLAGS = (
					"$(inherited)",
					"-fmodule-map-file=$(SRCROOT)/../../Tuist/.build/tuist-derived/FlexLayoutYoga/FlexLayoutYoga.modulemap",
					"-fmodule-map-file=$(SRCROOT)/../../Tuist/.build/tuist-derived/FlexLayoutYogaKit/FlexLayoutYogaKit.modulemap",
				);
				OTHER_SWIFT_FLAGS = (
					"$(inherited)",
					"-Xcc",
					"-fmodule-map-file=$(SRCROOT)/../../Tuist/.build/tuist-derived/FlexLayoutYoga/FlexLayoutYoga.modulemap",
					"-Xcc",
					"-fmodule-map-file=$(SRCROOT)/../../Tuist/.build/tuist-derived/FlexLayoutYogaKit/FlexLayoutYogaKit.modulemap",
				);
				PRODUCT_BUNDLE_IDENTIFIER = io.tuist.ChatTests;
				PRODUCT_NAME = ChatTests;
				SDKROOT = iphoneos;
				SUPPORTS_MACCATALYST = NO;
				SUPPORTS_MAC_DESIGNED_FOR_IPHONE_IPAD = YES;
				SUPPORTS_XR_DESIGNED_FOR_IPHONE_IPAD = NO;
				SWIFT_COMPILATION_MODE = wholemodule;
				SWIFT_OPTIMIZATION_LEVEL = "-Owholemodule";
				SWIFT_VERSION = 5.0;
				TARGETED_DEVICE_FAMILY = "1,2";
			};
			name = Release;
		};
		FB9994157D29601D8FDE0AA9 /* Debug */ = {
			isa = XCBuildConfiguration;
			buildSettings = {
				CODE_SIGN_IDENTITY = "";
				CURRENT_PROJECT_VERSION = 1;
				DEFINES_MODULE = YES;
				DYLIB_COMPATIBILITY_VERSION = 1;
				DYLIB_CURRENT_VERSION = 1;
				DYLIB_INSTALL_NAME_BASE = "@rpath";
				HEADER_SEARCH_PATHS = (
					"$(inherited)",
					"$(SRCROOT)/../../Tuist/.build/checkouts/FlexLayout/Sources/Swift",
					"$(SRCROOT)/../../Tuist/.build/checkouts/FlexLayout/Sources/Swift/include/yoga",
					"$(SRCROOT)/../../Tuist/.build/checkouts/FlexLayout/Sources/YogaKit",
					"$(SRCROOT)/../../Tuist/.build/checkouts/FlexLayout/Sources/YogaKit/include",
					"$(SRCROOT)/../../Tuist/.build/checkouts/FlexLayout/Sources/YogaKit/include/YogaKit",
					"$(SRCROOT)/../../Tuist/.build/checkouts/FlexLayout/Sources/yoga",
					"$(SRCROOT)/../../Tuist/.build/checkouts/FlexLayout/Sources/yoga/include",
					"$(SRCROOT)/../../Tuist/.build/checkouts/FlexLayout/Sources/yoga/include/yoga",
				);
				INFOPLIST_FILE = "Derived/InfoPlists/Chat-Info.plist";
				INSTALL_PATH = "$(LOCAL_LIBRARY_DIR)/Frameworks";
				LD_RUNPATH_SEARCH_PATHS = (
					"$(inherited)",
					"@executable_path/Frameworks",
					"@loader_path/Frameworks",
				);
				OTHER_CFLAGS = (
					"$(inherited)",
					"-fmodule-map-file=$(SRCROOT)/../../Tuist/.build/tuist-derived/FlexLayoutYoga/FlexLayoutYoga.modulemap",
					"-fmodule-map-file=$(SRCROOT)/../../Tuist/.build/tuist-derived/FlexLayoutYogaKit/FlexLayoutYogaKit.modulemap",
				);
				OTHER_SWIFT_FLAGS = (
					"$(inherited)",
					"-Xcc",
					"-fmodule-map-file=$(SRCROOT)/../../Tuist/.build/tuist-derived/FlexLayoutYoga/FlexLayoutYoga.modulemap",
					"-Xcc",
					"-fmodule-map-file=$(SRCROOT)/../../Tuist/.build/tuist-derived/FlexLayoutYogaKit/FlexLayoutYogaKit.modulemap",
				);
				PRODUCT_BUNDLE_IDENTIFIER = io.tuist.Chat;
				PRODUCT_NAME = Chat;
				SDKROOT = iphoneos;
				SKIP_INSTALL = YES;
				SUPPORTS_MACCATALYST = NO;
				SUPPORTS_MAC_DESIGNED_FOR_IPHONE_IPAD = YES;
				SUPPORTS_XR_DESIGNED_FOR_IPHONE_IPAD = NO;
				SWIFT_ACTIVE_COMPILATION_CONDITIONS = (
					"$(inherited)",
					DEBUG,
				);
				SWIFT_COMPILATION_MODE = singlefile;
				SWIFT_OPTIMIZATION_LEVEL = "-Onone";
				SWIFT_VERSION = 5.0;
				TARGETED_DEVICE_FAMILY = "1,2";
				VERSIONING_SYSTEM = "apple-generic";
				VERSION_INFO_PREFIX = "";
			};
			name = Debug;
		};
/* End XCBuildConfiguration section */

/* Begin XCConfigurationList section */
		2F2DE6755960B67844DA10A3 /* Build configuration list for PBXNativeTarget "Chat" */ = {
			isa = XCConfigurationList;
			buildConfigurations = (
				FB9994157D29601D8FDE0AA9 /* Debug */,
				79B3DFA0D45BADE3CAF8E26E /* Release */,
			);
			defaultConfigurationIsVisible = 0;
			defaultConfigurationName = Release;
		};
		5BF2D8A0F20A5563CE9A6AEB /* Build configuration list for PBXProject "Chat" */ = {
			isa = XCConfigurationList;
			buildConfigurations = (
				AE4CBB7D30CD593895628113 /* Debug */,
				4D4C53C9C4E6E9F1DCD244E0 /* Release */,
			);
			defaultConfigurationIsVisible = 0;
			defaultConfigurationName = Release;
		};
		6346589C59968500F6ED3BAC /* Build configuration list for PBXNativeTarget "ChatTests" */ = {
			isa = XCConfigurationList;
			buildConfigurations = (
				24AA7E1B8D54117CDAD4BC53 /* Debug */,
				D1C2082A4B0A82277162E2B9 /* Release */,
			);
			defaultConfigurationIsVisible = 0;
			defaultConfigurationName = Release;
		};
/* End XCConfigurationList section */
	};
	rootObject = 2A0CADDBA42B443BDC2F3280 /* Project object */;
}
